
Microsoft Visual Studio Solution File, Format Version 12.00
# Visual Studio 15
VisualStudioVersion = 15.0.26730.15
MinimumVisualStudioVersion = 10.0.40219.1
Project("{FAE04EC0-301F-11D3-BF4B-00C04F79EFBC}") = "BilletWCFClient", "BilletWCFClient\BilletWCFClient.csproj", "{77886DC1-1F20-4DA3-93E7-29A8BD1FB84A}"
EndProject
Global
	GlobalSection(SolutionConfigurationPlatforms) = preSolution
		Debug|Any CPU = Debug|Any CPU
		Release|Any CPU = Release|Any CPU
	EndGlobalSection
	GlobalSection(ProjectConfigurationPlatforms) = postSolution
		{77886DC1-1F20-4DA3-93E7-29A8BD1FB84A}.Debug|Any CPU.ActiveCfg = Debug|Any CPU
		{77886DC1-1F20-4DA3-93E7-29A8BD1FB84A}.Debug|Any CPU.Build.0 = Debug|Any CPU
		{77886DC1-1F20-4DA3-93E7-29A8BD1FB84A}.Release|Any CPU.ActiveCfg = Release|Any CPU
		{77886DC1-1F20-4DA3-93E7-29A8BD1FB84A}.Release|Any CPU.Build.0 = Release|Any CPU
	EndGlobalSection
	GlobalSection(SolutionProperties) = preSolution
		HideSolutionNode = FALSE
	EndGlobalSection
	GlobalSection(ExtensibilityGlobals) = postSolution
		SolutionGuid = {6D46D1E4-9576-40C8-BDB2-FB37AAD102E8}
	EndGlobalSection
EndGlobal
